Microsoft Visual Studio Solution File, Format Version 7.00
Project("{F184B08F-C81C-45F6-A57F-5ABD9991F28F}") = "IMA2_Console", "IMA2_Console\IMA2_Console.vbproj", "{9B1278B1-E8AE-4FDE-A487-190095C9C304}"
EndProject
Global
	GlobalSection(SolutionConfiguration) = preSolution
		ConfigName.0 = Debug
		ConfigName.1 = Release
	EndGlobalSection
	GlobalSection(ProjectDependencies) = postSolution
	EndGlobalSection
	GlobalSection(ProjectConfiguration) = postSolution
		{9B1278B1-E8AE-4FDE-A487-190095C9C304}.Debug.ActiveCfg = Debug|.NET
		{9B1278B1-E8AE-4FDE-A487-190095C9C304}.Debug.Build.0 = Debug|.NET
		{9B1278B1-E8AE-4FDE-A487-190095C9C304}.Release.ActiveCfg = Release|.NET
		{9B1278B1-E8AE-4FDE-A487-190095C9C304}.Release.Build.0 = Release|.NET
	EndGlobalSection
	GlobalSection(ExtensibilityGlobals) = postSolution
	EndGlobalSection
	GlobalSection(ExtensibilityAddIns) = postSolution
	EndGlobalSection
EndGlobal
